
Microsoft Visual Studio Solution File, Format Version 12.00
# Visual Studio 15
VisualStudioVersion = 15.0.27130.2024
MinimumVisualStudioVersion = 10.0.40219.1
Project("{FAE04EC0-301F-11D3-BF4B-00C04F79EFBC}") = "Lands2.Android", "Lands2\Lands2.Android\Lands2.Android.csproj", "{67C30699-2E8B-4F74-ABA8-23D085531984}"
EndProject
Project("{FAE04EC0-301F-11D3-BF4B-00C04F79EFBC}") = "Lands2.iOS", "Lands2\Lands2.iOS\Lands2.iOS.csproj", "{500784C8-AF71-4575-94B4-EAFEBE368C42}"
EndProject
Project("{9A19103F-16F7-4668-BE54-9A1E7A4F7556}") = "Lands2", "Lands2\Lands2\Lands2.csproj", "{489274C0-5600-482F-AA6D-9B6888503C10}"
EndProject
Project("{FAE04EC0-301F-11D3-BF4B-00C04F79EFBC}") = "Lands2.Domain", "Lands2.Domain\Lands2.Domain.csproj", "{F6B7FB78-AB91-4796-9AAC-001C51905FD0}"
EndProject
Project("{FAE04EC0-301F-11D3-BF4B-00C04F79EFBC}") = "Lands2.Backend", "Lands.Backend\Lands2.Backend.csproj", "{F8037311-B05C-4990-932C-F0A6D76D32DC}"
EndProject
Project("{FAE04EC0-301F-11D3-BF4B-00C04F79EFBC}") = "lands2.API", "lands.API\lands2.API.csproj", "{5113D31B-DE99-4719-BEA6-065DE46DBFDC}"
EndProject
Global
	GlobalSection(SolutionConfigurationPlatforms) = preSolution
		Ad-Hoc|Any CPU = Ad-Hoc|Any CPU
		Ad-Hoc|ARM = Ad-Hoc|ARM
		Ad-Hoc|iPhone = Ad-Hoc|iPhone
		Ad-Hoc|iPhoneSimulator = Ad-Hoc|iPhoneSimulator
		Ad-Hoc|x64 = Ad-Hoc|x64
		Ad-Hoc|x86 = Ad-Hoc|x86
		AppStore|Any CPU = AppStore|Any CPU
		AppStore|ARM = AppStore|ARM
		AppStore|iPhone = AppStore|iPhone
		AppStore|iPhoneSimulator = AppStore|iPhoneSimulator
		AppStore|x64 = AppStore|x64
		AppStore|x86 = AppStore|x86
		Debug|Any CPU = Debug|Any CPU
		Debug|ARM = Debug|ARM
		Debug|iPhone = Debug|iPhone
		Debug|iPhoneSimulator = Debug|iPhoneSimulator
		Debug|x64 = Debug|x64
		Debug|x86 = Debug|x86
		Release|Any CPU = Release|Any CPU
		Release|ARM = Release|ARM
		Release|iPhone = Release|iPhone
		Release|iPhoneSimulator = Release|iPhoneSimulator
		Release|x64 = Release|x64
		Release|x86 = Release|x86
	EndGlobalSection
	GlobalSection(ProjectConfigurationPlatforms) = postSolution
		{67C30699-2E8B-4F74-ABA8-23D085531984}.Ad-Hoc|Any CPU.ActiveCfg = Release|Any CPU
		{67C30699-2E8B-4F74-ABA8-23D085531984}.Ad-Hoc|Any CPU.Build.0 = Release|Any CPU
		{67C30699-2E8B-4F74-ABA8-23D085531984}.Ad-Hoc|Any CPU.Deploy.0 = Release|Any CPU
		{67C30699-2E8B-4F74-ABA8-23D085531984}.Ad-Hoc|ARM.ActiveCfg = Release|Any CPU
		{67C30699-2E8B-4F74-ABA8-23D085531984}.Ad-Hoc|ARM.Build.0 = Release|Any CPU
		{67C30699-2E8B-4F74-ABA8-23D085531984}.Ad-Hoc|ARM.Deploy.0 = Release|Any CPU
		{67C30699-2E8B-4F74-ABA8-23D085531984}.Ad-Hoc|iPhone.ActiveCfg = Release|Any CPU
		{67C30699-2E8B-4F74-ABA8-23D085531984}.Ad-Hoc|iPhone.Build.0 = Release|Any CPU
		{67C30699-2E8B-4F74-ABA8-23D085531984}.Ad-Hoc|iPhone.Deploy.0 = Release|Any CPU
		{67C30699-2E8B-4F74-ABA8-23D085531984}.Ad-Hoc|iPhoneSimulator.ActiveCfg = Release|Any CPU
		{67C30699-2E8B-4F74-ABA8-23D085531984}.Ad-Hoc|iPhoneSimulator.Build.0 = Release|Any CPU
		{67C30699-2E8B-4F74-ABA8-23D085531984}.Ad-Hoc|iPhoneSimulator.Deploy.0 = Release|Any CPU
		{67C30699-2E8B-4F74-ABA8-23D085531984}.Ad-Hoc|x64.ActiveCfg = Release|Any CPU
		{67C30699-2E8B-4F74-ABA8-23D085531984}.Ad-Hoc|x64.Build.0 = Release|Any CPU
		{67C30699-2E8B-4F74-ABA8-23D085531984}.Ad-Hoc|x64.Deploy.0 = Release|Any CPU
		{67C30699-2E8B-4F74-ABA8-23D085531984}.Ad-Hoc|x86.ActiveCfg = Release|Any CPU
		{67C30699-2E8B-4F74-ABA8-23D085531984}.Ad-Hoc|x86.Build.0 = Release|Any CPU
		{67C30699-2E8B-4F74-ABA8-23D085531984}.Ad-Hoc|x86.Deploy.0 = Release|Any CPU
		{67C30699-2E8B-4F74-ABA8-23D085531984}.AppStore|Any CPU.ActiveCfg = Release|Any CPU
		{67C30699-2E8B-4F74-ABA8-23D085531984}.AppStore|Any CPU.Build.0 = Release|Any CPU
		{67C30699-2E8B-4F74-ABA8-23D085531984}.AppStore|Any CPU.Deploy.0 = Release|Any CPU
		{67C30699-2E8B-4F74-ABA8-23D085531984}.AppStore|ARM.ActiveCfg = Release|Any CPU
		{67C30699-2E8B-4F74-ABA8-23D085531984}.AppStore|ARM.Build.0 = Release|Any CPU
		{67C30699-2E8B-4F74-ABA8-23D085531984}.AppStore|ARM.Deploy.0 = Release|Any CPU
		{67C30699-2E8B-4F74-ABA8-23D085531984}.AppStore|iPhone.ActiveCfg = Release|Any CPU
		{67C30699-2E8B-4F74-ABA8-23D085531984}.AppStore|iPhone.Build.0 = Release|Any CPU
		{67C30699-2E8B-4F74-ABA8-23D085531984}.AppStore|iPhone.Deploy.0 = Release|Any CPU
		{67C30699-2E8B-4F74-ABA8-23D085531984}.AppStore|iPhoneSimulator.ActiveCfg = Release|Any CPU
		{67C30699-2E8B-4F74-ABA8-23D085531984}.AppStore|iPhoneSimulator.Build.0 = Release|Any CPU
		{67C30699-2E8B-4F74-ABA8-23D085531984}.AppStore|iPhoneSimulator.Deploy.0 = Release|Any CPU
		{67C30699-2E8B-4F74-ABA8-23D085531984}.AppStore|x64.ActiveCfg = Release|Any CPU
		{67C30699-2E8B-4F74-ABA8-23D085531984}.AppStore|x64.Build.0 = Release|Any CPU
		{67C30699-2E8B-4F74-ABA8-23D085531984}.AppStore|x64.Deploy.0 = Release|Any CPU
		{67C30699-2E8B-4F74-ABA8-23D085531984}.AppStore|x86.ActiveCfg = Release|Any CPU
		{67C30699-2E8B-4F74-ABA8-23D085531984}.AppStore|x86.Build.0 = Release|Any CPU
		{67C30699-2E8B-4F74-ABA8-23D085531984}.AppStore|x86.Deploy.0 = Release|Any CPU
		{67C30699-2E8B-4F74-ABA8-23D085531984}.Debug|Any CPU.ActiveCfg = Debug|Any CPU
		{67C30699-2E8B-4F74-ABA8-23D085531984}.Debug|Any CPU.Build.0 = Debug|Any CPU
		{67C30699-2E8B-4F74-ABA8-23D085531984}.Debug|Any CPU.Deploy.0 = Debug|Any CPU
		{67C30699-2E8B-4F74-ABA8-23D085531984}.Debug|ARM.ActiveCfg = Debug|Any CPU
		{67C30699-2E8B-4F74-ABA8-23D085531984}.Debug|ARM.Build.0 = Debug|Any CPU
		{67C30699-2E8B-4F74-ABA8-23D085531984}.Debug|ARM.Deploy.0 = Debug|Any CPU
		{67C30699-2E8B-4F74-ABA8-23D085531984}.Debug|iPhone.ActiveCfg = Debug|Any CPU
		{67C30699-2E8B-4F74-ABA8-23D085531984}.Debug|iPhone.Build.0 = Debug|Any CPU
		{67C30699-2E8B-4F74-ABA8-23D085531984}.Debug|iPhone.Deploy.0 = Debug|Any CPU
		{67C30699-2E8B-4F74-ABA8-23D085531984}.Debug|iPhoneSimulator.ActiveCfg = Debug|Any CPU
		{67C30699-2E8B-4F74-ABA8-23D085531984}.Debug|iPhoneSimulator.Build.0 = Debug|Any CPU
		{67C30699-2E8B-4F74-ABA8-23D085531984}.Debug|iPhoneSimulator.Deploy.0 = Debug|Any CPU
		{67C30699-2E8B-4F74-ABA8-23D085531984}.Debug|x64.ActiveCfg = Debug|Any CPU
		{67C30699-2E8B-4F74-ABA8-23D085531984}.Debug|x64.Build.0 = Debug|Any CPU
		{67C30699-2E8B-4F74-ABA8-23D085531984}.Debug|x64.Deploy.0 = Debug|Any CPU
		{67C30699-2E8B-4F74-ABA8-23D085531984}.Debug|x86.ActiveCfg = Debug|Any CPU
		{67C30699-2E8B-4F74-ABA8-23D085531984}.Debug|x86.Build.0 = Debug|Any CPU
		{67C30699-2E8B-4F74-ABA8-23D085531984}.Debug|x86.Deploy.0 = Debug|Any CPU
		{67C30699-2E8B-4F74-ABA8-23D085531984}.Release|Any CPU.ActiveCfg = Release|Any CPU
		{67C30699-2E8B-4F74-ABA8-23D085531984}.Release|Any CPU.Build.0 = Release|Any CPU
		{67C30699-2E8B-4F74-ABA8-23D085531984}.Release|Any CPU.Deploy.0 = Release|Any CPU
		{67C30699-2E8B-4F74-ABA8-23D085531984}.Release|ARM.ActiveCfg = Release|Any CPU
		{67C30699-2E8B-4F74-ABA8-23D085531984}.Release|ARM.Build.0 = Release|Any CPU
		{67C30699-2E8B-4F74-ABA8-23D085531984}.Release|ARM.Deploy.0 = Release|Any CPU
		{67C30699-2E8B-4F74-ABA8-23D085531984}.Release|iPhone.ActiveCfg = Release|Any CPU
		{67C30699-2E8B-4F74-ABA8-23D085531984}.Release|iPhone.Build.0 = Release|Any CPU
		{67C30699-2E8B-4F74-ABA8-23D085531984}.Release|iPhone.Deploy.0 = Release|Any CPU
		{67C30699-2E8B-4F74-ABA8-23D085531984}.Release|iPhoneSimulator.ActiveCfg = Release|Any CPU
		{67C30699-2E8B-4F74-ABA8-23D085531984}.Release|iPhoneSimulator.Build.0 = Release|Any CPU
		{67C30699-2E8B-4F74-ABA8-23D085531984}.Release|iPhoneSimulator.Deploy.0 = Release|Any CPU
		{67C30699-2E8B-4F74-ABA8-23D085531984}.Release|x64.ActiveCfg = Release|Any CPU
		{67C30699-2E8B-4F74-ABA8-23D085531984}.Release|x64.Build.0 = Release|Any CPU
		{67C30699-2E8B-4F74-ABA8-23D085531984}.Release|x64.Deploy.0 = Release|Any CPU
		{67C30699-2E8B-4F74-ABA8-23D085531984}.Release|x86.ActiveCfg = Release|Any CPU
		{67C30699-2E8B-4F74-ABA8-23D085531984}.Release|x86.Build.0 = Release|Any CPU
		{67C30699-2E8B-4F74-ABA8-23D085531984}.Release|x86.Deploy.0 = Release|Any CPU
		{500784C8-AF71-4575-94B4-EAFEBE368C42}.Ad-Hoc|Any CPU.ActiveCfg = Ad-Hoc|iPhone
		{500784C8-AF71-4575-94B4-EAFEBE368C42}.Ad-Hoc|ARM.ActiveCfg = Ad-Hoc|iPhone
		{500784C8-AF71-4575-94B4-EAFEBE368C42}.Ad-Hoc|iPhone.ActiveCfg = Ad-Hoc|iPhone
		{500784C8-AF71-4575-94B4-EAFEBE368C42}.Ad-Hoc|iPhone.Build.0 = Ad-Hoc|iPhone
		{500784C8-AF71-4575-94B4-EAFEBE368C42}.Ad-Hoc|iPhoneSimulator.ActiveCfg = Ad-Hoc|iPhoneSimulator
		{500784C8-AF71-4575-94B4-EAFEBE368C42}.Ad-Hoc|iPhoneSimulator.Build.0 = Ad-Hoc|iPhoneSimulator
		{500784C8-AF71-4575-94B4-EAFEBE368C42}.Ad-Hoc|x64.ActiveCfg = Ad-Hoc|iPhone
		{500784C8-AF71-4575-94B4-EAFEBE368C42}.Ad-Hoc|x86.ActiveCfg = Ad-Hoc|iPhone
		{500784C8-AF71-4575-94B4-EAFEBE368C42}.AppStore|Any CPU.ActiveCfg = AppStore|iPhone
		{500784C8-AF71-4575-94B4-EAFEBE368C42}.AppStore|ARM.ActiveCfg = AppStore|iPhone
		{500784C8-AF71-4575-94B4-EAFEBE368C42}.AppStore|iPhone.ActiveCfg = AppStore|iPhone
		{500784C8-AF71-4575-94B4-EAFEBE368C42}.AppStore|iPhone.Build.0 = AppStore|iPhone
		{500784C8-AF71-4575-94B4-EAFEBE368C42}.AppStore|iPhoneSimulator.ActiveCfg = AppStore|iPhoneSimulator
		{500784C8-AF71-4575-94B4-EAFEBE368C42}.AppStore|iPhoneSimulator.Build.0 = AppStore|iPhoneSimulator
		{500784C8-AF71-4575-94B4-EAFEBE368C42}.AppStore|x64.ActiveCfg = AppStore|iPhone
		{500784C8-AF71-4575-94B4-EAFEBE368C42}.AppStore|x86.ActiveCfg = AppStore|iPhone
		{500784C8-AF71-4575-94B4-EAFEBE368C42}.Debug|Any CPU.ActiveCfg = Debug|iPhone
		{500784C8-AF71-4575-94B4-EAFEBE368C42}.Debug|ARM.ActiveCfg = Debug|iPhone
		{500784C8-AF71-4575-94B4-EAFEBE368C42}.Debug|iPhone.ActiveCfg = Debug|iPhone
		{500784C8-AF71-4575-94B4-EAFEBE368C42}.Debug|iPhone.Build.0 = Debug|iPhone
		{500784C8-AF71-4575-94B4-EAFEBE368C42}.Debug|iPhoneSimulator.ActiveCfg = Debug|iPhoneSimulator
		{500784C8-AF71-4575-94B4-EAFEBE368C42}.Debug|iPhoneSimulator.Build.0 = Debug|iPhoneSimulator
		{500784C8-AF71-4575-94B4-EAFEBE368C42}.Debug|x64.ActiveCfg = Debug|iPhone
		{500784C8-AF71-4575-94B4-EAFEBE368C42}.Debug|x86.ActiveCfg = Debug|iPhone
		{500784C8-AF71-4575-94B4-EAFEBE368C42}.Release|Any CPU.ActiveCfg = Release|iPhone
		{500784C8-AF71-4575-94B4-EAFEBE368C42}.Release|ARM.ActiveCfg = Release|iPhone
		{500784C8-AF71-4575-94B4-EAFEBE368C42}.Release|iPhone.ActiveCfg = Release|iPhone
		{500784C8-AF71-4575-94B4-EAFEBE368C42}.Release|iPhone.Build.0 = Release|iPhone
		{500784C8-AF71-4575-94B4-EAFEBE368C42}.Release|iPhoneSimulator.ActiveCfg = Release|iPhoneSimulator
		{500784C8-AF71-4575-94B4-EAFEBE368C42}.Release|iPhoneSimulator.Build.0 = Release|iPhoneSimulator
		{500784C8-AF71-4575-94B4-EAFEBE368C42}.Release|x64.ActiveCfg = Release|iPhone
		{500784C8-AF71-4575-94B4-EAFEBE368C42}.Release|x86.ActiveCfg = Release|iPhone
		{489274C0-5600-482F-AA6D-9B6888503C10}.Ad-Hoc|Any CPU.ActiveCfg = Debug|Any CPU
		{489274C0-5600-482F-AA6D-9B6888503C10}.Ad-Hoc|Any CPU.Build.0 = Debug|Any CPU
		{489274C0-5600-482F-AA6D-9B6888503C10}.Ad-Hoc|ARM.ActiveCfg = Debug|Any CPU
		{489274C0-5600-482F-AA6D-9B6888503C10}.Ad-Hoc|ARM.Build.0 = Debug|Any CPU
		{489274C0-5600-482F-AA6D-9B6888503C10}.Ad-Hoc|iPhone.ActiveCfg = Debug|Any CPU
		{489274C0-5600-482F-AA6D-9B6888503C10}.Ad-Hoc|iPhone.Build.0 = Debug|Any CPU
		{489274C0-5600-482F-AA6D-9B6888503C10}.Ad-Hoc|iPhoneSimulator.ActiveCfg = Debug|Any CPU
		{489274C0-5600-482F-AA6D-9B6888503C10}.Ad-Hoc|iPhoneSimulator.Build.0 = Debug|Any CPU
		{489274C0-5600-482F-AA6D-9B6888503C10}.Ad-Hoc|x64.ActiveCfg = Debug|Any CPU
		{489274C0-5600-482F-AA6D-9B6888503C10}.Ad-Hoc|x64.Build.0 = Debug|Any CPU
		{489274C0-5600-482F-AA6D-9B6888503C10}.Ad-Hoc|x86.ActiveCfg = Debug|Any CPU
		{489274C0-5600-482F-AA6D-9B6888503C10}.Ad-Hoc|x86.Build.0 = Debug|Any CPU
		{489274C0-5600-482F-AA6D-9B6888503C10}.AppStore|Any CPU.ActiveCfg = Debug|Any CPU
		{489274C0-5600-482F-AA6D-9B6888503C10}.AppStore|Any CPU.Build.0 = Debug|Any CPU
		{489274C0-5600-482F-AA6D-9B6888503C10}.AppStore|ARM.ActiveCfg = Debug|Any CPU
		{489274C0-5600-482F-AA6D-9B6888503C10}.AppStore|ARM.Build.0 = Debug|Any CPU
		{489274C0-5600-482F-AA6D-9B6888503C10}.AppStore|iPhone.ActiveCfg = Debug|Any CPU
		{489274C0-5600-482F-AA6D-9B6888503C10}.AppStore|iPhone.Build.0 = Debug|Any CPU
		{489274C0-5600-482F-AA6D-9B6888503C10}.AppStore|iPhoneSimulator.ActiveCfg = Debug|Any CPU
		{489274C0-5600-482F-AA6D-9B6888503C10}.AppStore|iPhoneSimulator.Build.0 = Debug|Any CPU
		{489274C0-5600-482F-AA6D-9B6888503C10}.AppStore|x64.ActiveCfg = Debug|Any CPU
		{489274C0-5600-482F-AA6D-9B6888503C10}.AppStore|x64.Build.0 = Debug|Any CPU
		{489274C0-5600-482F-AA6D-9B6888503C10}.AppStore|x86.ActiveCfg = Debug|Any CPU
		{489274C0-5600-482F-AA6D-9B6888503C10}.AppStore|x86.Build.0 = Debug|Any CPU
		{489274C0-5600-482F-AA6D-9B6888503C10}.Debug|Any CPU.ActiveCfg = Debug|Any CPU
		{489274C0-5600-482F-AA6D-9B6888503C10}.Debug|Any CPU.Build.0 = Debug|Any CPU
		{489274C0-5600-482F-AA6D-9B6888503C10}.Debug|ARM.ActiveCfg = Debug|Any CPU
		{489274C0-5600-482F-AA6D-9B6888503C10}.Debug|ARM.Build.0 = Debug|Any CPU
		{489274C0-5600-482F-AA6D-9B6888503C10}.Debug|iPhone.ActiveCfg = Debug|Any CPU
		{489274C0-5600-482F-AA6D-9B6888503C10}.Debug|iPhone.Build.0 = Debug|Any CPU
		{489274C0-5600-482F-AA6D-9B6888503C10}.Debug|iPhoneSimulator.ActiveCfg = Debug|Any CPU
		{489274C0-5600-482F-AA6D-9B6888503C10}.Debug|iPhoneSimulator.Build.0 = Debug|Any CPU
		{489274C0-5600-482F-AA6D-9B6888503C10}.Debug|x64.ActiveCfg = Debug|Any CPU
		{489274C0-5600-482F-AA6D-9B6888503C10}.Debug|x64.Build.0 = Debug|Any CPU
		{489274C0-5600-482F-AA6D-9B6888503C10}.Debug|x86.ActiveCfg = Debug|Any CPU
		{489274C0-5600-482F-AA6D-9B6888503C10}.Debug|x86.Build.0 = Debug|Any CPU
		{489274C0-5600-482F-AA6D-9B6888503C10}.Release|Any CPU.ActiveCfg = Release|Any CPU
		{489274C0-5600-482F-AA6D-9B6888503C10}.Release|Any CPU.Build.0 = Release|Any CPU
		{489274C0-5600-482F-AA6D-9B6888503C10}.Release|ARM.ActiveCfg = Release|Any CPU
		{489274C0-5600-482F-AA6D-9B6888503C10}.Release|ARM.Build.0 = Release|Any CPU
		{489274C0-5600-482F-AA6D-9B6888503C10}.Release|iPhone.ActiveCfg = Release|Any CPU
		{489274C0-5600-482F-AA6D-9B6888503C10}.Release|iPhone.Build.0 = Release|Any CPU
		{489274C0-5600-482F-AA6D-9B6888503C10}.Release|iPhoneSimulator.ActiveCfg = Release|Any CPU
		{489274C0-5600-482F-AA6D-9B6888503C10}.Release|iPhoneSimulator.Build.0 = Release|Any CPU
		{489274C0-5600-482F-AA6D-9B6888503C10}.Release|x64.ActiveCfg = Release|Any CPU
		{489274C0-5600-482F-AA6D-9B6888503C10}.Release|x64.Build.0 = Release|Any CPU
		{489274C0-5600-482F-AA6D-9B6888503C10}.Release|x86.ActiveCfg = Release|Any CPU
		{489274C0-5600-482F-AA6D-9B6888503C10}.Release|x86.Build.0 = Release|Any CPU
		{F6B7FB78-AB91-4796-9AAC-001C51905FD0}.Ad-Hoc|Any CPU.ActiveCfg = Release|Any CPU
		{F6B7FB78-AB91-4796-9AAC-001C51905FD0}.Ad-Hoc|Any CPU.Build.0 = Release|Any CPU
		{F6B7FB78-AB91-4796-9AAC-001C51905FD0}.Ad-Hoc|ARM.ActiveCfg = Release|Any CPU
		{F6B7FB78-AB91-4796-9AAC-001C51905FD0}.Ad-Hoc|ARM.Build.0 = Release|Any CPU
		{F6B7FB78-AB91-4796-9AAC-001C51905FD0}.Ad-Hoc|iPhone.ActiveCfg = Release|Any CPU
		{F6B7FB78-AB91-4796-9AAC-001C51905FD0}.Ad-Hoc|iPhone.Build.0 = Release|Any CPU
		{F6B7FB78-AB91-4796-9AAC-001C51905FD0}.Ad-Hoc|iPhoneSimulator.ActiveCfg = Release|Any CPU
		{F6B7FB78-AB91-4796-9AAC-001C51905FD0}.Ad-Hoc|iPhoneSimulator.Build.0 = Release|Any CPU
		{F6B7FB78-AB91-4796-9AAC-001C51905FD0}.Ad-Hoc|x64.ActiveCfg = Release|Any CPU
		{F6B7FB78-AB91-4796-9AAC-001C51905FD0}.Ad-Hoc|x64.Build.0 = Release|Any CPU
		{F6B7FB78-AB91-4796-9AAC-001C51905FD0}.Ad-Hoc|x86.ActiveCfg = Release|Any CPU
		{F6B7FB78-AB91-4796-9AAC-001C51905FD0}.Ad-Hoc|x86.Build.0 = Release|Any CPU
		{F6B7FB78-AB91-4796-9AAC-001C51905FD0}.AppStore|Any CPU.ActiveCfg = Release|Any CPU
		{F6B7FB78-AB91-4796-9AAC-001C51905FD0}.AppStore|Any CPU.Build.0 = Release|Any CPU
		{F6B7FB78-AB91-4796-9AAC-001C51905FD0}.AppStore|ARM.ActiveCfg = Release|Any CPU
		{F6B7FB78-AB91-4796-9AAC-001C51905FD0}.AppStore|ARM.Build.0 = Release|Any CPU
		{F6B7FB78-AB91-4796-9AAC-001C51905FD0}.AppStore|iPhone.ActiveCfg = Release|Any CPU
		{F6B7FB78-AB91-4796-9AAC-001C51905FD0}.AppStore|iPhone.Build.0 = Release|Any CPU
		{F6B7FB78-AB91-4796-9AAC-001C51905FD0}.AppStore|iPhoneSimulator.ActiveCfg = Release|Any CPU
		{F6B7FB78-AB91-4796-9AAC-001C51905FD0}.AppStore|iPhoneSimulator.Build.0 = Release|Any CPU
		{F6B7FB78-AB91-4796-9AAC-001C51905FD0}.AppStore|x64.ActiveCfg = Release|Any CPU
		{F6B7FB78-AB91-4796-9AAC-001C51905FD0}.AppStore|x64.Build.0 = Release|Any CPU
		{F6B7FB78-AB91-4796-9AAC-001C51905FD0}.AppStore|x86.ActiveCfg = Release|Any CPU
		{F6B7FB78-AB91-4796-9AAC-001C51905FD0}.AppStore|x86.Build.0 = Release|Any CPU
		{F6B7FB78-AB91-4796-9AAC-001C51905FD0}.Debug|Any CPU.ActiveCfg = Debug|Any CPU
		{F6B7FB78-AB91-4796-9AAC-001C51905FD0}.Debug|Any CPU.Build.0 = Debug|Any CPU
		{F6B7FB78-AB91-4796-9AAC-001C51905FD0}.Debug|ARM.ActiveCfg = Debug|Any CPU
		{F6B7FB78-AB91-4796-9AAC-001C51905FD0}.Debug|ARM.Build.0 = Debug|Any CPU
		{F6B7FB78-AB91-4796-9AAC-001C51905FD0}.Debug|iPhone.ActiveCfg = Debug|Any CPU
		{F6B7FB78-AB91-4796-9AAC-001C51905FD0}.Debug|iPhone.Build.0 = Debug|Any CPU
		{F6B7FB78-AB91-4796-9AAC-001C51905FD0}.Debug|iPhoneSimulator.ActiveCfg = Debug|Any CPU
		{F6B7FB78-AB91-4796-9AAC-001C51905FD0}.Debug|iPhoneSimulator.Build.0 = Debug|Any CPU
		{F6B7FB78-AB91-4796-9AAC-001C51905FD0}.Debug|x64.ActiveCfg = Debug|Any CPU
		{F6B7FB78-AB91-4796-9AAC-001C51905FD0}.Debug|x64.Build.0 = Debug|Any CPU
		{F6B7FB78-AB91-4796-9AAC-001C51905FD0}.Debug|x86.ActiveCfg = Debug|Any CPU
		{F6B7FB78-AB91-4796-9AAC-001C51905FD0}.Debug|x86.Build.0 = Debug|Any CPU
		{F6B7FB78-AB91-4796-9AAC-001C51905FD0}.Release|Any CPU.ActiveCfg = Release|Any CPU
		{F6B7FB78-AB91-4796-9AAC-001C51905FD0}.Release|Any CPU.Build.0 = Release|Any CPU
		{F6B7FB78-AB91-4796-9AAC-001C51905FD0}.Release|ARM.ActiveCfg = Release|Any CPU
		{F6B7FB78-AB91-4796-9AAC-001C51905FD0}.Release|ARM.Build.0 = Release|Any CPU
		{F6B7FB78-AB91-4796-9AAC-001C51905FD0}.Release|iPhone.ActiveCfg = Release|Any CPU
		{F6B7FB78-AB91-4796-9AAC-001C51905FD0}.Release|iPhone.Build.0 = Release|Any CPU
		{F6B7FB78-AB91-4796-9AAC-001C51905FD0}.Release|iPhoneSimulator.ActiveCfg = Release|Any CPU
		{F6B7FB78-AB91-4796-9AAC-001C51905FD0}.Release|iPhoneSimulator.Build.0 = Release|Any CPU
		{F6B7FB78-AB91-4796-9AAC-001C51905FD0}.Release|x64.ActiveCfg = Release|Any CPU
		{F6B7FB78-AB91-4796-9AAC-001C51905FD0}.Release|x64.Build.0 = Release|Any CPU
		{F6B7FB78-AB91-4796-9AAC-001C51905FD0}.Release|x86.ActiveCfg = Release|Any CPU
		{F6B7FB78-AB91-4796-9AAC-001C51905FD0}.Release|x86.Build.0 = Release|Any CPU
		{F8037311-B05C-4990-932C-F0A6D76D32DC}.Ad-Hoc|Any CPU.ActiveCfg = Release|Any CPU
		{F8037311-B05C-4990-932C-F0A6D76D32DC}.Ad-Hoc|Any CPU.Build.0 = Release|Any CPU
		{F8037311-B05C-4990-932C-F0A6D76D32DC}.Ad-Hoc|ARM.ActiveCfg = Release|Any CPU
		{F8037311-B05C-4990-932C-F0A6D76D32DC}.Ad-Hoc|ARM.Build.0 = Release|Any CPU
		{F8037311-B05C-4990-932C-F0A6D76D32DC}.Ad-Hoc|iPhone.ActiveCfg = Release|Any CPU
		{F8037311-B05C-4990-932C-F0A6D76D32DC}.Ad-Hoc|iPhone.Build.0 = Release|Any CPU
		{F8037311-B05C-4990-932C-F0A6D76D32DC}.Ad-Hoc|iPhoneSimulator.ActiveCfg = Release|Any CPU
		{F8037311-B05C-4990-932C-F0A6D76D32DC}.Ad-Hoc|iPhoneSimulator.Build.0 = Release|Any CPU
		{F8037311-B05C-4990-932C-F0A6D76D32DC}.Ad-Hoc|x64.ActiveCfg = Release|Any CPU
		{F8037311-B05C-4990-932C-F0A6D76D32DC}.Ad-Hoc|x64.Build.0 = Release|Any CPU
		{F8037311-B05C-4990-932C-F0A6D76D32DC}.Ad-Hoc|x86.ActiveCfg = Release|Any CPU
		{F8037311-B05C-4990-932C-F0A6D76D32DC}.Ad-Hoc|x86.Build.0 = Release|Any CPU
		{F8037311-B05C-4990-932C-F0A6D76D32DC}.AppStore|Any CPU.ActiveCfg = Release|Any CPU
		{F8037311-B05C-4990-932C-F0A6D76D32DC}.AppStore|Any CPU.Build.0 = Release|Any CPU
		{F8037311-B05C-4990-932C-F0A6D76D32DC}.AppStore|ARM.ActiveCfg = Release|Any CPU
		{F8037311-B05C-4990-932C-F0A6D76D32DC}.AppStore|ARM.Build.0 = Release|Any CPU
		{F8037311-B05C-4990-932C-F0A6D76D32DC}.AppStore|iPhone.ActiveCfg = Release|Any CPU
		{F8037311-B05C-4990-932C-F0A6D76D32DC}.AppStore|iPhone.Build.0 = Release|Any CPU
		{F8037311-B05C-4990-932C-F0A6D76D32DC}.AppStore|iPhoneSimulator.ActiveCfg = Release|Any CPU
		{F8037311-B05C-4990-932C-F0A6D76D32DC}.AppStore|iPhoneSimulator.Build.0 = Release|Any CPU
		{F8037311-B05C-4990-932C-F0A6D76D32DC}.AppStore|x64.ActiveCfg = Release|Any CPU
		{F8037311-B05C-4990-932C-F0A6D76D32DC}.AppStore|x64.Build.0 = Release|Any CPU
		{F8037311-B05C-4990-932C-F0A6D76D32DC}.AppStore|x86.ActiveCfg = Release|Any CPU
		{F8037311-B05C-4990-932C-F0A6D76D32DC}.AppStore|x86.Build.0 = Release|Any CPU
		{F8037311-B05C-4990-932C-F0A6D76D32DC}.Debug|Any CPU.ActiveCfg = Debug|Any CPU
		{F8037311-B05C-4990-932C-F0A6D76D32DC}.Debug|Any CPU.Build.0 = Debug|Any CPU
		{F8037311-B05C-4990-932C-F0A6D76D32DC}.Debug|ARM.ActiveCfg = Debug|Any CPU
		{F8037311-B05C-4990-932C-F0A6D76D32DC}.Debug|ARM.Build.0 = Debug|Any CPU
		{F8037311-B05C-4990-932C-F0A6D76D32DC}.Debug|iPhone.ActiveCfg = Debug|Any CPU
		{F8037311-B05C-4990-932C-F0A6D76D32DC}.Debug|iPhone.Build.0 = Debug|Any CPU
		{F8037311-B05C-4990-932C-F0A6D76D32DC}.Debug|iPhoneSimulator.ActiveCfg = Debug|Any CPU
		{F8037311-B05C-4990-932C-F0A6D76D32DC}.Debug|iPhoneSimulator.Build.0 = Debug|Any CPU
		{F8037311-B05C-4990-932C-F0A6D76D32DC}.Debug|x64.ActiveCfg = Debug|Any CPU
		{F8037311-B05C-4990-932C-F0A6D76D32DC}.Debug|x64.Build.0 = Debug|Any CPU
		{F8037311-B05C-4990-932C-F0A6D76D32DC}.Debug|x86.ActiveCfg = Debug|Any CPU
		{F8037311-B05C-4990-932C-F0A6D76D32DC}.Debug|x86.Build.0 = Debug|Any CPU
		{F8037311-B05C-4990-932C-F0A6D76D32DC}.Release|Any CPU.ActiveCfg = Release|Any CPU
		{F8037311-B05C-4990-932C-F0A6D76D32DC}.Release|Any CPU.Build.0 = Release|Any CPU
		{F8037311-B05C-4990-932C-F0A6D76D32DC}.Release|ARM.ActiveCfg = Release|Any CPU
		{F8037311-B05C-4990-932C-F0A6D76D32DC}.Release|ARM.Build.0 = Release|Any CPU
		{F8037311-B05C-4990-932C-F0A6D76D32DC}.Release|iPhone.ActiveCfg = Release|Any CPU
		{F8037311-B05C-4990-932C-F0A6D76D32DC}.Release|iPhone.Build.0 = Release|Any CPU
		{F8037311-B05C-4990-932C-F0A6D76D32DC}.Release|iPhoneSimulator.ActiveCfg = Release|Any CPU
		{F8037311-B05C-4990-932C-F0A6D76D32DC}.Release|iPhoneSimulator.Build.0 = Release|Any CPU
		{F8037311-B05C-4990-932C-F0A6D76D32DC}.Release|x64.ActiveCfg = Release|Any CPU
		{F8037311-B05C-4990-932C-F0A6D76D32DC}.Release|x64.Build.0 = Release|Any CPU
		{F8037311-B05C-4990-932C-F0A6D76D32DC}.Release|x86.ActiveCfg = Release|Any CPU
		{F8037311-B05C-4990-932C-F0A6D76D32DC}.Release|x86.Build.0 = Release|Any CPU
		{5113D31B-DE99-4719-BEA6-065DE46DBFDC}.Ad-Hoc|Any CPU.ActiveCfg = Release|Any CPU
		{5113D31B-DE99-4719-BEA6-065DE46DBFDC}.Ad-Hoc|Any CPU.Build.0 = Release|Any CPU
		{5113D31B-DE99-4719-BEA6-065DE46DBFDC}.Ad-Hoc|ARM.ActiveCfg = Release|Any CPU
		{5113D31B-DE99-4719-BEA6-065DE46DBFDC}.Ad-Hoc|ARM.Build.0 = Release|Any CPU
		{5113D31B-DE99-4719-BEA6-065DE46DBFDC}.Ad-Hoc|iPhone.ActiveCfg = Release|Any CPU
		{5113D31B-DE99-4719-BEA6-065DE46DBFDC}.Ad-Hoc|iPhone.Build.0 = Release|Any CPU
		{5113D31B-DE99-4719-BEA6-065DE46DBFDC}.Ad-Hoc|iPhoneSimulator.ActiveCfg = Release|Any CPU
		{5113D31B-DE99-4719-BEA6-065DE46DBFDC}.Ad-Hoc|iPhoneSimulator.Build.0 = Release|Any CPU
		{5113D31B-DE99-4719-BEA6-065DE46DBFDC}.Ad-Hoc|x64.ActiveCfg = Release|Any CPU
		{5113D31B-DE99-4719-BEA6-065DE46DBFDC}.Ad-Hoc|x64.Build.0 = Release|Any CPU
		{5113D31B-DE99-4719-BEA6-065DE46DBFDC}.Ad-Hoc|x86.ActiveCfg = Release|Any CPU
		{5113D31B-DE99-4719-BEA6-065DE46DBFDC}.Ad-Hoc|x86.Build.0 = Release|Any CPU
		{5113D31B-DE99-4719-BEA6-065DE46DBFDC}.AppStore|Any CPU.ActiveCfg = Release|Any CPU
		{5113D31B-DE99-4719-BEA6-065DE46DBFDC}.AppStore|Any CPU.Build.0 = Release|Any CPU
		{5113D31B-DE99-4719-BEA6-065DE46DBFDC}.AppStore|ARM.ActiveCfg = Release|Any CPU
		{5113D31B-DE99-4719-BEA6-065DE46DBFDC}.AppStore|ARM.Build.0 = Release|Any CPU
		{5113D31B-DE99-4719-BEA6-065DE46DBFDC}.AppStore|iPhone.ActiveCfg = Release|Any CPU
		{5113D31B-DE99-4719-BEA6-065DE46DBFDC}.AppStore|iPhone.Build.0 = Release|Any CPU
		{5113D31B-DE99-4719-BEA6-065DE46DBFDC}.AppStore|iPhoneSimulator.ActiveCfg = Release|Any CPU
		{5113D31B-DE99-4719-BEA6-065DE46DBFDC}.AppStore|iPhoneSimulator.Build.0 = Release|Any CPU
		{5113D31B-DE99-4719-BEA6-065DE46DBFDC}.AppStore|x64.ActiveCfg = Release|Any CPU
		{5113D31B-DE99-4719-BEA6-065DE46DBFDC}.AppStore|x64.Build.0 = Release|Any CPU
		{5113D31B-DE99-4719-BEA6-065DE46DBFDC}.AppStore|x86.ActiveCfg = Release|Any CPU
		{5113D31B-DE99-4719-BEA6-065DE46DBFDC}.AppStore|x86.Build.0 = Release|Any CPU
		{5113D31B-DE99-4719-BEA6-065DE46DBFDC}.Debug|Any CPU.ActiveCfg = Debug|Any CPU
		{5113D31B-DE99-4719-BEA6-065DE46DBFDC}.Debug|Any CPU.Build.0 = Debug|Any CPU
		{5113D31B-DE99-4719-BEA6-065DE46DBFDC}.Debug|ARM.ActiveCfg = Debug|Any CPU
		{5113D31B-DE99-4719-BEA6-065DE46DBFDC}.Debug|ARM.Build.0 = Debug|Any CPU
		{5113D31B-DE99-4719-BEA6-065DE46DBFDC}.Debug|iPhone.ActiveCfg = Debug|Any CPU
		{5113D31B-DE99-4719-BEA6-065DE46DBFDC}.Debug|iPhone.Build.0 = Debug|Any CPU
		{5113D31B-DE99-4719-BEA6-065DE46DBFDC}.Debug|iPhoneSimulator.ActiveCfg = Debug|Any CPU
		{5113D31B-DE99-4719-BEA6-065DE46DBFDC}.Debug|iPhoneSimulator.Build.0 = Debug|Any CPU
		{5113D31B-DE99-4719-BEA6-065DE46DBFDC}.Debug|x64.ActiveCfg = Debug|Any CPU
		{5113D31B-DE99-4719-BEA6-065DE46DBFDC}.Debug|x64.Build.0 = Debug|Any CPU
		{5113D31B-DE99-4719-BEA6-065DE46DBFDC}.Debug|x86.ActiveCfg = Debug|Any CPU
		{5113D31B-DE99-4719-BEA6-065DE46DBFDC}.Debug|x86.Build.0 = Debug|Any CPU
		{5113D31B-DE99-4719-BEA6-065DE46DBFDC}.Release|Any CPU.ActiveCfg = Release|Any CPU
		{5113D31B-DE99-4719-BEA6-065DE46DBFDC}.Release|Any CPU.Build.0 = Release|Any CPU
		{5113D31B-DE99-4719-BEA6-065DE46DBFDC}.Release|ARM.ActiveCfg = Release|Any CPU
		{5113D31B-DE99-4719-BEA6-065DE46DBFDC}.Release|ARM.Build.0 = Release|Any CPU
		{5113D31B-DE99-4719-BEA6-065DE46DBFDC}.Release|iPhone.ActiveCfg = Release|Any CPU
		{5113D31B-DE99-4719-BEA6-065DE46DBFDC}.Release|iPhone.Build.0 = Release|Any CPU
		{5113D31B-DE99-4719-BEA6-065DE46DBFDC}.Release|iPhoneSimulator.ActiveCfg = Release|Any CPU
		{5113D31B-DE99-4719-BEA6-065DE46DBFDC}.Release|iPhoneSimulator.Build.0 = Release|Any CPU
		{5113D31B-DE99-4719-BEA6-065DE46DBFDC}.Release|x64.ActiveCfg = Release|Any CPU
		{5113D31B-DE99-4719-BEA6-065DE46DBFDC}.Release|x64.Build.0 = Release|Any CPU
		{5113D31B-DE99-4719-BEA6-065DE46DBFDC}.Release|x86.ActiveCfg = Release|Any CPU
		{5113D31B-DE99-4719-BEA6-065DE46DBFDC}.Release|x86.Build.0 = Release|Any CPU
	EndGlobalSection
	GlobalSection(SolutionProperties) = preSolution
		HideSolutionNode = FALSE
	EndGlobalSection
	GlobalSection(ExtensibilityGlobals) = postSolution
		SolutionGuid = {582C8922-5DA3-4B23-A577-594171F1FC8B}
	EndGlobalSection
EndGlobal
